
Microsoft Visual Studio Solution File, Format Version 12.00
# Visual Studio 2012
Project("{8BC9CEB8-8B4A-11D0-8D11-00A0C91BC942}") = "graphics_final", "graphics_final.vcxproj", "{CBAEBBFB-1A25-43C1-B3A1-C78DECD11A0D}"
EndProject
Global
	GlobalSection(SolutionConfigurationPlatforms) = preSolution
		bin|Win32 = bin|Win32
		Debug|Win32 = Debug|Win32
		Release|Win32 = Release|Win32
	EndGlobalSection
	GlobalSection(ProjectConfigurationPlatforms) = postSolution
		{CBAEBBFB-1A25-43C1-B3A1-C78DECD11A0D}.bin|Win32.ActiveCfg = bin|Win32
		{CBAEBBFB-1A25-43C1-B3A1-C78DECD11A0D}.bin|Win32.Build.0 = bin|Win32
		{CBAEBBFB-1A25-43C1-B3A1-C78DECD11A0D}.Debug|Win32.ActiveCfg = Debug|Win32
		{CBAEBBFB-1A25-43C1-B3A1-C78DECD11A0D}.Debug|Win32.Build.0 = Debug|Win32
		{CBAEBBFB-1A25-43C1-B3A1-C78DECD11A0D}.Release|Win32.ActiveCfg = Release|Win32
		{CBAEBBFB-1A25-43C1-B3A1-C78DECD11A0D}.Release|Win32.Build.0 = Release|Win32
	EndGlobalSection
	GlobalSection(SolutionProperties) = preSolution
		HideSolutionNode = FALSE
	EndGlobalSection
EndGlobal
